{
  "name": "@candlefw/lantern",
  "version": "0.0.2",
  "lockfileVersion": 1,
  "requires": true,
  "dependencies": {
    "@candlefw/color": {
      "version": "1.0.0",
      "resolved": "https://registry.npmjs.org/@candlefw/color/-/color-1.0.0.tgz",
      "integrity": "sha512-vlJe4KYv539BzApbb1Xe29pl3kH4xXUHNhsLyOObE/1AA13tkoHWRMsdoVmwT1OhY4BzuXF7POLx0Rt2rzKYHg=="
    },
    "@candlefw/css": {
      "version": "0.0.9",
      "resolved": "https://registry.npmjs.org/@candlefw/css/-/css-0.0.9.tgz",
      "integrity": "sha512-WpbvSiy4xYg3LW6JO/+qefU36Ub3bPLUQ3g/Sz/PMumm6FwLhzBjZSAQhZWqeDRNMgcOmnuMU2xv7YANP7z2vw==",
      "requires": {
        "@candlefw/color": "^1.0.0",
        "@candlefw/ll": "^0.1.4",
        "@candlefw/math": "^0.0.1",
        "@candlefw/url": "^0.0.5",
        "@candlefw/whind": "^0.2.11"
      },
      "dependencies": {
        "@candlefw/whind": {
          "version": "0.2.11",
          "resolved": "https://registry.npmjs.org/@candlefw/whind/-/whind-0.2.11.tgz",
          "integrity": "sha512-IPheC+erYIzpX9MFM1g1nEHfalljez4PgfTKjrjZxuYAJQsZOuhHA8ZvxIK7/Ity23kgkZ4mq3bdAoasG456CQ=="
        }
      }
    },
    "@candlefw/glow": {
      "version": "0.0.7",
      "resolved": "https://registry.npmjs.org/@candlefw/glow/-/glow-0.0.7.tgz",
      "integrity": "sha512-RId46w7PkeqKonf3G9/ILp5gCnRj/oE/HddIsWxWdxYBJDhIvQdOBkXardldMTn0ZxKFoewwY0pfrYyYuBH4Ww==",
      "requires": {
        "@candlefw/css": "^0.0.9",
        "@candlefw/math": "^0.0.1",
        "@candlefw/spark": "^0.0.5"
      }
    },
    "@candlefw/html": {
      "version": "0.0.7",
      "resolved": "https://registry.npmjs.org/@candlefw/html/-/html-0.0.7.tgz",
      "integrity": "sha512-+k5lc3wxm1gCLmaDpKGI1KsD1b30nhVW0gjOhI9dm/h/WRHAmVInQMgHP3Ee6q3OupT+2Neq9IwwNhGmeLdbFQ==",
      "requires": {
        "@candlefw/ll": "^0.1.4",
        "@candlefw/url": "^0.0.5",
        "@candlefw/whind": "^0.2.11"
      },
      "dependencies": {
        "@candlefw/whind": {
          "version": "0.2.11",
          "resolved": "https://registry.npmjs.org/@candlefw/whind/-/whind-0.2.11.tgz",
          "integrity": "sha512-IPheC+erYIzpX9MFM1g1nEHfalljez4PgfTKjrjZxuYAJQsZOuhHA8ZvxIK7/Ity23kgkZ4mq3bdAoasG456CQ=="
        }
      }
    },
    "@candlefw/hydrocarbon": {
      "version": "0.0.1-a",
      "resolved": "https://registry.npmjs.org/@candlefw/hydrocarbon/-/hydrocarbon-0.0.1-a.tgz",
      "integrity": "sha512-+qYHEV73GdCwGXcCJuFZcrtBts9x/4q5aLd9k4xnCnDy/CoFFyu2b9IEam+9Ekm3b78BW1nKKa+gQ5/bE1xeTA==",
      "dev": true,
      "requires": {
        "@candlefw/whind": "^0.2.8",
        "commander": "^2.19.0",
        "terser": "^3.11.0"
      }
    },
    "@candlefw/ll": {
      "version": "0.1.4",
      "resolved": "https://registry.npmjs.org/@candlefw/ll/-/ll-0.1.4.tgz",
      "integrity": "sha512-3vKlkVzEORoG74MmNEOu8kttlaxVcu8xfrIIW4U/hlP6spxgp1y+c7NcbSVN+zPfMudJwMUv97bv+juypU8AHw=="
    },
    "@candlefw/math": {
      "version": "0.0.1",
      "resolved": "https://registry.npmjs.org/@candlefw/math/-/math-0.0.1.tgz",
      "integrity": "sha512-hjRq3TIP7MrE0Ema2LFfOQmLR3eNKRvCkBrktASdUOkwsv7xGTCmkCtn7tiHdXZaivGB0UIsY+/GUjWtU3rLJA=="
    },
    "@candlefw/radiate": {
      "version": "0.0.9",
      "resolved": "https://registry.npmjs.org/@candlefw/radiate/-/radiate-0.0.9.tgz",
      "integrity": "sha512-TCMjF2Xp8iAEVsoBeK5MO3kDo/rLpyrY8JMP9s5yXrWGgL/kt7pPslgUkhu68XF/v4aqTnwQ54bgGRmUQhIQ/A==",
      "requires": {
        "@candlefw/glow": "^0.0.7",
        "@candlefw/url": "^0.0.5",
        "@candlefw/wick": "^0.5.10"
      }
    },
    "@candlefw/spark": {
      "version": "0.0.5",
      "resolved": "https://registry.npmjs.org/@candlefw/spark/-/spark-0.0.5.tgz",
      "integrity": "sha512-z7AKEtwBaixbP3+ToEVIDS0xyf0v6fpwIgHzc4YEVY1hAMN4lGPa9kDrPsNd7XwOdP7K0C+rJdF3zoWAPHNakA=="
    },
    "@candlefw/url": {
      "version": "0.0.5",
      "resolved": "https://registry.npmjs.org/@candlefw/url/-/url-0.0.5.tgz",
      "integrity": "sha512-2aQMHTbEt2L0xP3xNnvzCGPvwmwoVt+DDVCuWkS6/urJ04Ro/OyZVhE54KNsdRIV95UOu+59vqAqTebMkbAT9Q==",
      "requires": {
        "@candlefw/whind": "^0.2.11"
      },
      "dependencies": {
        "@candlefw/whind": {
          "version": "0.2.11",
          "resolved": "https://registry.npmjs.org/@candlefw/whind/-/whind-0.2.11.tgz",
          "integrity": "sha512-IPheC+erYIzpX9MFM1g1nEHfalljez4PgfTKjrjZxuYAJQsZOuhHA8ZvxIK7/Ity23kgkZ4mq3bdAoasG456CQ=="
        }
      }
    },
    "@candlefw/whind": {
      "version": "0.2.11",
      "resolved": "https://registry.npmjs.org/@candlefw/whind/-/whind-0.2.11.tgz",
      "integrity": "sha512-IPheC+erYIzpX9MFM1g1nEHfalljez4PgfTKjrjZxuYAJQsZOuhHA8ZvxIK7/Ity23kgkZ4mq3bdAoasG456CQ==",
      "dev": true
    },
    "@candlefw/wick": {
      "version": "0.5.10",
      "resolved": "https://registry.npmjs.org/@candlefw/wick/-/wick-0.5.10.tgz",
      "integrity": "sha512-+2YcG4qvGm4q+5TkZKj4OPvsxOOxj4CU95Z75u/UDXLGd3fflnCPtzfNDm19tXWURVkIHBjYIbJqVjCUwSPqsw==",
      "requires": {
        "@candlefw/css": "^0.0.9",
        "@candlefw/glow": "^0.0.7",
        "@candlefw/html": "^0.0.7",
        "@candlefw/spark": "^0.0.5",
        "@candlefw/url": "^0.0.5",
        "@candlefw/whind": "^0.2.11"
      },
      "dependencies": {
        "@candlefw/whind": {
          "version": "0.2.11",
          "resolved": "https://registry.npmjs.org/@candlefw/whind/-/whind-0.2.11.tgz",
          "integrity": "sha512-IPheC+erYIzpX9MFM1g1nEHfalljez4PgfTKjrjZxuYAJQsZOuhHA8ZvxIK7/Ity23kgkZ4mq3bdAoasG456CQ=="
        }
      }
    },
    "buffer-from": {
      "version": "1.1.1",
      "resolved": "https://registry.npmjs.org/buffer-from/-/buffer-from-1.1.1.tgz",
      "integrity": "sha512-MQcXEUbCKtEo7bhqEs6560Hyd4XaovZlO/k9V3hjVUF/zwW7KBVdSK4gIt/bzwS9MbR5qob+F5jusZsb0YQK2A==",
      "dev": true
    },
    "commander": {
      "version": "2.19.0",
      "resolved": "https://registry.npmjs.org/commander/-/commander-2.19.0.tgz",
      "integrity": "sha512-6tvAOO+D6OENvRAh524Dh9jcfKTYDQAqvqezbCW82xj5X0pSrcpxtvRKHLG0yBY6SD7PSDrJaj+0AiOcKVd1Xg==",
      "dev": true
    },
    "source-map": {
      "version": "0.6.1",
      "resolved": "https://registry.npmjs.org/source-map/-/source-map-0.6.1.tgz",
      "integrity": "sha512-UjgapumWlbMhkBgzT7Ykc5YXUT46F0iKu8SGXq0bcwP5dz/h0Plj6enJqjz1Zbq2l5WaqYnrVbwWOWMyF3F47g==",
      "dev": true
    },
    "source-map-support": {
      "version": "0.5.10",
      "resolved": "https://registry.npmjs.org/source-map-support/-/source-map-support-0.5.10.tgz",
      "integrity": "sha512-YfQ3tQFTK/yzlGJuX8pTwa4tifQj4QS2Mj7UegOu8jAz59MqIiMGPXxQhVQiIMNzayuUSF/jEuVnfFF5JqybmQ==",
      "dev": true,
      "requires": {
        "buffer-from": "^1.0.0",
        "source-map": "^0.6.0"
      }
    },
    "terser": {
      "version": "3.16.1",
      "resolved": "https://registry.npmjs.org/terser/-/terser-3.16.1.tgz",
      "integrity": "sha512-JDJjgleBROeek2iBcSNzOHLKsB/MdDf+E/BOAJ0Tk9r7p9/fVobfv7LMJ/g/k3v9SXdmjZnIlFd5nfn/Rt0Xow==",
      "dev": true,
      "requires": {
        "commander": "~2.17.1",
        "source-map": "~0.6.1",
        "source-map-support": "~0.5.9"
      },
      "dependencies": {
        "commander": {
          "version": "2.17.1",
          "resolved": "https://registry.npmjs.org/commander/-/commander-2.17.1.tgz",
          "integrity": "sha512-wPMUt6FnH2yzG95SA6mzjQOEKUU3aLaDEmzs1ti+1E9h+CsrZghRlqEM/EJ4KscsQVG8uNN4uVreUeT8+drlgg==",
          "dev": true
        }
      }
    }
  }
}
