# THIS IS AN AUTOGENERATED FILE. DO NOT EDIT THIS FILE DIRECTLY.
# yarn lockfile v1


"@assemblyscript/loader@^0.17.13", "@assemblyscript/loader@^0.17.2":
  version "0.17.14"
  resolved "https://registry.yarnpkg.com/@assemblyscript/loader/-/loader-0.17.14.tgz#43bfe793c787180c5eb0a57ada8318fb62171b4e"
  integrity sha512-+PVTOfla/0XMLRTQLJFPg4u40XcdTfon6GGea70hBGi8Pd7ZymIXyVUR+vK8wt5Jb4MVKTKPIz43Myyebw5mZA==

"@candlelib/conflagrate@*", "@candlelib/conflagrate@0.4.2":
  version "0.4.2"
  resolved "https://registry.yarnpkg.com/@candlelib/conflagrate/-/conflagrate-0.4.2.tgz#1f09db840f3faee827ceec6730d5da411f4e7cc8"
  integrity sha512-F7NDeLo87w7wOkQDwveXUNSe0uC++RDn21WkgicJPXZkjOdL0RkLv4N5kWCsK9TVNPO5SJtPyu2svMQetXHPdw==
  dependencies:
    "@candlelib/uri" "0.2.3"
    "@candlelib/wind" "0.5.2"

"@candlelib/css@*", "@candlelib/css@0.3.2":
  version "0.3.2"
  resolved "https://registry.yarnpkg.com/@candlelib/css/-/css-0.3.2.tgz#f7101b5ea46b316ab4fcf62ebd16fb10ded493b9"
  integrity sha512-z6PobKNH5DGiBhb6/Hy0jDlKLyF2A8/jDbgmDS2EnDYnU+7Eto6kdjJnRnZGKPEJtlaoiy5nnGRIzP/12BXU2A==
  dependencies:
    "@assemblyscript/loader" "^0.17.2"
    "@candlelib/conflagrate" "0.4.2"
    "@candlelib/hydrocarbon" "0.11.1"
    "@candlelib/uri" "0.2.3"

"@candlelib/glow@*", "@candlelib/glow@0.4.2":
  version "0.4.2"
  resolved "https://registry.yarnpkg.com/@candlelib/glow/-/glow-0.4.2.tgz#3e4fe2754f0a072d58c54d2e1b32148a59bcdc54"
  integrity sha512-32NPTXMcGe5QS0DK71dCoilK5FZhYKnoGzd1jjxKyxYjB8n8r/Rc/WYy/idn7SbFCZJhlia/SjJvrvxZubn7VQ==
  dependencies:
    "@candlelib/css" "0.3.2"
    "@candlelib/spark" "0.3.2"

"@candlelib/html@0.2.3":
  version "0.2.3"
  resolved "https://registry.yarnpkg.com/@candlelib/html/-/html-0.2.3.tgz#d621265412c09c93696931cb17a6d36f10fee3f4"
  integrity sha512-0W8o2b8+TViz9tZYwd9hUn4aCRrTaBx5dz8GII5N/olR0qUiQxru8mg+Dp4vtcV1wpVt759gSmGEuyf1w1VM4A==
  dependencies:
    "@candlelib/uri" "0.2.3"
    "@candlelib/wind" "0.5.2"

"@candlelib/hydrocarbon@*", "@candlelib/hydrocarbon@0.11.1":
  version "0.11.1"
  resolved "https://registry.yarnpkg.com/@candlelib/hydrocarbon/-/hydrocarbon-0.11.1.tgz#de9aa4368ac92705a88a3ac3bc2122bc06afddec"
  integrity sha512-rVosLNu1/Eplq+/s8paxqvmolrud6oqEJd5KSiZGqdRDL26WHJji/vUTnD6zgrr2ECaobsNgJ8cYwfx5l4nsww==
  dependencies:
    "@candlelib/conflagrate" "0.4.2"
    "@candlelib/js" "0.5.3"
    "@candlelib/paraffin" "0.1.2"
    "@candlelib/uri" "0.2.3"
    "@candlelib/wind" "0.5.2"

"@candlelib/js@*", "@candlelib/js@0.5.3":
  version "0.5.3"
  resolved "https://registry.yarnpkg.com/@candlelib/js/-/js-0.5.3.tgz#8823b586bae4c42bcda56252a0efbdfa00df1a70"
  integrity sha512-e7t68m5a5R2K5nHA0tqgVgXiRoO4owhNE7vsCl8ruUl4V2tEd0UnxY7flC2PDeqch/Kb450GDio4ZXHkyks0gw==
  dependencies:
    "@assemblyscript/loader" "^0.17.13"
    "@candlelib/conflagrate" "0.4.2"
    "@candlelib/hydrocarbon" "0.11.1"
    "@candlelib/uri" "0.2.3"
    "@candlelib/wind" "0.5.2"

"@candlelib/paraffin@0.1.2":
  version "0.1.2"
  resolved "https://registry.yarnpkg.com/@candlelib/paraffin/-/paraffin-0.1.2.tgz#ceca1f60974a5dfa12ac461b3bf1e19d9cc44e6a"
  integrity sha512-4tF0olztxkM+/pnAr4yo8wFv0ZG6PgNKBQyLRUqtEG8BmEjQ/8D7dsVcYrN1l2Z42WfoRubkKrhc7qx0O+45+w==
  dependencies:
    "@candlelib/conflagrate" "0.4.2"
    "@candlelib/css" "0.3.2"
    "@candlelib/html" "0.2.3"
    "@candlelib/hydrocarbon" "0.11.1"
    "@candlelib/uri" "0.2.3"
    "@candlelib/wick" "0.15.2"
    "@candlelib/wind" "0.5.2"

"@candlelib/spark@*", "@candlelib/spark@0.3.2":
  version "0.3.2"
  resolved "https://registry.yarnpkg.com/@candlelib/spark/-/spark-0.3.2.tgz#1897957653da3c09b7acb71f9b407034bd0d8c5b"
  integrity sha512-uZ3uOYRHksPR5v4W+g9DJ85OQ5OI0KOSopSIycmiAU7TCVmPNGIvzYu2rOpN7VtqIUV+DYvH9/URGAeJ8BCIPQ==

"@candlelib/uri@*", "@candlelib/uri@0.2.3":
  version "0.2.3"
  resolved "https://registry.yarnpkg.com/@candlelib/uri/-/uri-0.2.3.tgz#04ca32f9e215ffb17376704dfb595b0164c4a370"
  integrity sha512-BJGcrvcHfAYZfm3RPjR6WSCQMVpgyagH+xQ8g36a6uyJG4OqFzKg5E6DuELBdwRatUgNsJMTxoI4ZzXBIkN0Ag==

"@candlelib/wick@*", "@candlelib/wick@0.15.2":
  version "0.15.2"
  resolved "https://registry.yarnpkg.com/@candlelib/wick/-/wick-0.15.2.tgz#5a224f4b0c2b9878bdaae81a7fa2eff3649cb8ef"
  integrity sha512-lNx/yJBR6uB6LNSNDe4ET8v5Xll9KTaSx7mhLa5YLAh12UyEG2pPb3pQl32h/Kmrc27nHL3AtN2kXswVG5HQig==
  dependencies:
    "@candlelib/conflagrate" "0.4.2"
    "@candlelib/css" "0.3.2"
    "@candlelib/glow" "0.4.2"
    "@candlelib/html" "0.2.3"
    "@candlelib/hydrocarbon" "0.11.1"
    "@candlelib/js" "0.5.3"
    "@candlelib/paraffin" "0.1.2"
    "@candlelib/spark" "0.3.2"
    "@candlelib/uri" "0.2.3"
    "@candlelib/wind" "0.5.2"

"@candlelib/wind@*", "@candlelib/wind@0.5.2":
  version "0.5.2"
  resolved "https://registry.yarnpkg.com/@candlelib/wind/-/wind-0.5.2.tgz#56a47b0135fa81ffc541a7230f4632be81409084"
  integrity sha512-1gp8nMAE8jEyp9akDWPYPjlYhTpD1QeYpKjEsCNvlnunA6NnyRC2d4LeO+EDOKpLKYJk7xzKZzAn9V92aLxJqA==

node-watch@^0.6.3:
  version "0.6.4"
  resolved "https://registry.yarnpkg.com/node-watch/-/node-watch-0.6.4.tgz#50e564046eb7be15151c25f9c5aac4b5f495c291"
  integrity sha512-cI6CHzivIFESe8djiK3Wh90CtWQBxLwMem8x8S+2GSvCvFgoMuOKVlfJtQ/2v3Afg3wOnHl/+tXotEs8z5vOrg==
