# THIS IS AN AUTOGENERATED FILE. DO NOT EDIT THIS FILE DIRECTLY.
# yarn lockfile v1


"@candlefw/color@latest":
  version "1.0.0"
  resolved "https://registry.yarnpkg.com/@candlefw/color/-/color-1.0.0.tgz#83bd5437323e6b8e9e14911cd2c83158584fa88e"
  integrity sha512-vlJe4KYv539BzApbb1Xe29pl3kH4xXUHNhsLyOObE/1AA13tkoHWRMsdoVmwT1OhY4BzuXF7POLx0Rt2rzKYHg==

"@candlefw/css@latest":
  version "0.1.2-a"
  resolved "https://registry.yarnpkg.com/@candlefw/css/-/css-0.1.2-a.tgz#d365861db73a8b1c4702b467b5bdb75f3038984e"
  integrity sha512-FHY0z9bUGki5PTEBDfYKID8fhUms4y96RmiCiPbeq1eSFHQMUrOqQZBR3UFLmcvEGWjLZ6uMXzlOTmrMfTw+qQ==
  dependencies:
    "@candlefw/color" latest
    "@candlefw/math" latest
    "@candlefw/observer" latest
    "@candlefw/url" latest
    "@candlefw/whind" latest

"@candlefw/glow@latest":
  version "0.0.7-a"
  resolved "https://registry.yarnpkg.com/@candlefw/glow/-/glow-0.0.7-a.tgz#917d677733e2eb330b48fabe7378f05e83a6d31a"
  integrity sha512-I5ubK+znwTuaYkVLqf+BYw737cTbzvXzZwdwffYUUk/nFAQrICgta0aD19keCtHweN7BppCARMxR/Xx/SPtuwA==
  dependencies:
    "@candlefw/css" latest
    "@candlefw/math" latest
    "@candlefw/spark" latest

"@candlefw/hydrocarbon@latest":
  version "0.0.1-a"
  resolved "https://registry.yarnpkg.com/@candlefw/hydrocarbon/-/hydrocarbon-0.0.1-a.tgz#9a5c5935a4e4d12998153707ef46998a582dfe7b"
  integrity sha512-+qYHEV73GdCwGXcCJuFZcrtBts9x/4q5aLd9k4xnCnDy/CoFFyu2b9IEam+9Ekm3b78BW1nKKa+gQ5/bE1xeTA==
  dependencies:
    "@candlefw/whind" "^0.2.8"
    commander "^2.19.0"
    terser "^3.11.0"

"@candlefw/math@latest":
  version "0.0.1"
  resolved "https://registry.yarnpkg.com/@candlefw/math/-/math-0.0.1.tgz#780466a963dde8f0fd53556961b8ef05f56a4790"
  integrity sha512-hjRq3TIP7MrE0Ema2LFfOQmLR3eNKRvCkBrktASdUOkwsv7xGTCmkCtn7tiHdXZaivGB0UIsY+/GUjWtU3rLJA==

"@candlefw/observer@latest":
  version "1.0.0"
  resolved "https://registry.yarnpkg.com/@candlefw/observer/-/observer-1.0.0.tgz#03633b9086b8dee36cc2f7694d2ad3c99c91d6d7"
  integrity sha512-u9yY6uovNYNKk0/fZ89ItDoVB7FMtaS5J7Jqz0/TDJX+n8rhWrH/s0JWd95rEb0cC3hm+d1UNLSctt6hDiHphQ==

"@candlefw/radiate@latest":
  version "0.1.2-a"
  resolved "https://registry.yarnpkg.com/@candlefw/radiate/-/radiate-0.1.2-a.tgz#7d246494f866b8c531d565b7519552f8b7f39281"
  integrity sha512-WG+HcX3JBiQcRsdDwJwWcH0f6ItyPemQmLNBnMbKT9GaD9ZgJRUAvEyVw04DfRMa/XOcShXu8OSuC00SSkuYFA==
  dependencies:
    "@candlefw/glow" latest
    "@candlefw/url" latest
    "@candlefw/wick" latest

"@candlefw/spark@latest":
  version "0.0.5"
  resolved "https://registry.yarnpkg.com/@candlefw/spark/-/spark-0.0.5.tgz#f3605a3da206d12ffa339278b0c21495b5c032f3"
  integrity sha512-z7AKEtwBaixbP3+ToEVIDS0xyf0v6fpwIgHzc4YEVY1hAMN4lGPa9kDrPsNd7XwOdP7K0C+rJdF3zoWAPHNakA==

"@candlefw/url@latest":
  version "0.0.7-a"
  resolved "https://registry.yarnpkg.com/@candlefw/url/-/url-0.0.7-a.tgz#6d7569940b8cc848b9507001f43ae148e9d0570a"
  integrity sha512-wdkUx01cCcXkiRwSpq6wCl7/kpj9bbJpsN4MLT1mW5hpv4KbhoPqfH4k3XK0oDj2oDAKHRvacSMUKgpNRS7LoA==
  dependencies:
    "@candlefw/whind" latest

"@candlefw/whind@^0.2.8":
  version "0.2.11"
  resolved "https://registry.yarnpkg.com/@candlefw/whind/-/whind-0.2.11.tgz#1b356345fc8e1da0bd36c2977702238a9f1792f5"
  integrity sha512-IPheC+erYIzpX9MFM1g1nEHfalljez4PgfTKjrjZxuYAJQsZOuhHA8ZvxIK7/Ity23kgkZ4mq3bdAoasG456CQ==

"@candlefw/whind@latest":
  version "0.3.3-a"
  resolved "https://registry.yarnpkg.com/@candlefw/whind/-/whind-0.3.3-a.tgz#adcc9fdbcb47c9abfa0d3f7ca58478baa16803cc"
  integrity sha512-fuSjkSePrz8x4A/u2MDuS8MQYoh6jGuLw8DPKsQn0RotbH5prekYPTCVzFYi14z626IKdxlYnaDuCXQJQ4A/CQ==

"@candlefw/wick@latest":
  version "0.8.3-a"
  resolved "https://registry.yarnpkg.com/@candlefw/wick/-/wick-0.8.3-a.tgz#5eae23685a8f2ecfee9fd0a6287cad62fdd0c2d9"
  integrity sha512-NcK79DnxkuHvGfnoBP5VkyHT50eGBOEasCEQab/b2VheXeqXWht4TVkrBUhCS0B14m4ynwrrRrT8AwcoLGtPyA==
  dependencies:
    "@candlefw/css" latest
    "@candlefw/glow" latest
    "@candlefw/spark" latest
    "@candlefw/url" latest
    "@candlefw/whind" latest

buffer-from@^1.0.0:
  version "1.1.1"
  resolved "https://registry.yarnpkg.com/buffer-from/-/buffer-from-1.1.1.tgz#32713bc028f75c02fdb710d7c7bcec1f2c6070ef"
  integrity sha512-MQcXEUbCKtEo7bhqEs6560Hyd4XaovZlO/k9V3hjVUF/zwW7KBVdSK4gIt/bzwS9MbR5qob+F5jusZsb0YQK2A==

commander@^2.19.0:
  version "2.20.0"
  resolved "https://registry.yarnpkg.com/commander/-/commander-2.20.0.tgz#d58bb2b5c1ee8f87b0d340027e9e94e222c5a422"
  integrity sha512-7j2y+40w61zy6YC2iRNpUe/NwhNyoXrYpHMrSunaMG64nRnaf96zO/KMQR4OyN/UnE5KLyEBnKHd4aG3rskjpQ==

path-parse@^1.0.6:
  version "1.0.6"
  resolved "https://registry.yarnpkg.com/path-parse/-/path-parse-1.0.6.tgz#d62dbb5679405d72c4737ec58600e9ddcf06d24c"
  integrity sha512-GSmOT2EbHrINBf9SR7CDELwlJ8AENk3Qn7OikK4nFYAu3Ote2+JYNVvkpAEQm3/TLNEJFD/xZJjzyxg3KBWOzw==

resolve@^1.11.1:
  version "1.11.1"
  resolved "https://registry.yarnpkg.com/resolve/-/resolve-1.11.1.tgz#ea10d8110376982fef578df8fc30b9ac30a07a3e"
  integrity sha512-vIpgF6wfuJOZI7KKKSP+HmiKggadPQAdsp5HiC1mvqnfp0gF1vdwgBWZIdrVft9pgqoMFQN+R7BSWZiBxx+BBw==
  dependencies:
    path-parse "^1.0.6"

source-map-support@~0.5.10:
  version "0.5.12"
  resolved "https://registry.yarnpkg.com/source-map-support/-/source-map-support-0.5.12.tgz#b4f3b10d51857a5af0138d3ce8003b201613d599"
  integrity sha512-4h2Pbvyy15EE02G+JOZpUCmqWJuqrs+sEkzewTm++BPi7Hvn/HwcqLAcNxYAyI0x13CpPPn+kMjl+hplXMHITQ==
  dependencies:
    buffer-from "^1.0.0"
    source-map "^0.6.0"

source-map@^0.6.0, source-map@~0.6.1:
  version "0.6.1"
  resolved "https://registry.yarnpkg.com/source-map/-/source-map-0.6.1.tgz#74722af32e9614e9c287a8d0bbde48b5e2f1a263"
  integrity sha512-UjgapumWlbMhkBgzT7Ykc5YXUT46F0iKu8SGXq0bcwP5dz/h0Plj6enJqjz1Zbq2l5WaqYnrVbwWOWMyF3F47g==

terser@^3.11.0:
  version "3.17.0"
  resolved "https://registry.yarnpkg.com/terser/-/terser-3.17.0.tgz#f88ffbeda0deb5637f9d24b0da66f4e15ab10cb2"
  integrity sha512-/FQzzPJmCpjAH9Xvk2paiWrFq+5M6aVOf+2KRbwhByISDX/EujxsK+BAvrhb6H+2rtrLCHK9N01wO014vrIwVQ==
  dependencies:
    commander "^2.19.0"
    source-map "~0.6.1"
    source-map-support "~0.5.10"
